// !$*UTF8*$!
{
	archiveVersion = 1;
	classes = {
	};
	objectVersion = 56;
	objects = {

/* Begin PBXBuildFile section */
		6512C9972B3CA5A200321596 /* words.txt in Resources */ = {isa = PBXBuildFile; fileRef = 6512C9962B3CA5A200321596 /* words.txt */; };
		6512C9992B3CA5DB00321596 /* model.swift in Sources */ = {isa = PBXBuildFile; fileRef = 6512C9982B3CA5DB00321596 /* model.swift */; };
		6512C99B2B3D25DC00321596 /* GuessTests.swift in Sources */ = {isa = PBXBuildFile; fileRef = 6512C99A2B3D25DC00321596 /* GuessTests.swift */; };
		6512C99D2B3F661900321596 /* WordleBuddyTabView.swift in Sources */ = {isa = PBXBuildFile; fileRef = 6512C99C2B3F661900321596 /* WordleBuddyTabView.swift */; };
		6512C99F2B3F667F00321596 /* WordleGenView.swift in Sources */ = {isa = PBXBuildFile; fileRef = 6512C99E2B3F667F00321596 /* WordleGenView.swift */; };
		6512C9A12B3F66DF00321596 /* FilterUsedView.swift in Sources */ = {isa = PBXBuildFile; fileRef = 6512C9A02B3F66DF00321596 /* FilterUsedView.swift */; };
		656D9C072B5A493500A369B4 /* Model.swift in Sources */ = {isa = PBXBuildFile; fileRef = 656D9C062B5A493500A369B4 /* Model.swift */; };
		656D9C092B5C4C0800A369B4 /* AlertTextView.swift in Sources */ = {isa = PBXBuildFile; fileRef = 656D9C082B5C4C0800A369B4 /* AlertTextView.swift */; };
		65BFC19E2B1D25C4008CD049 /* WordleBuddyApp.swift in Sources */ = {isa = PBXBuildFile; fileRef = 65BFC19D2B1D25C4008CD049 /* WordleBuddyApp.swift */; };
		65BFC1A22B1D25C5008CD049 /* Assets.xcassets in Resources */ = {isa = PBXBuildFile; fileRef = 65BFC1A12B1D25C5008CD049 /* Assets.xcassets */; };
		65BFC1A62B1D25C5008CD049 /* Preview Assets.xcassets in Resources */ = {isa = PBXBuildFile; fileRef = 65BFC1A52B1D25C5008CD049 /* Preview Assets.xcassets */; };
		65BFC1B02B1D25C6008CD049 /* WordleBuddyTests.swift in Sources */ = {isa = PBXBuildFile; fileRef = 65BFC1AF2B1D25C6008CD049 /* WordleBuddyTests.swift */; };
		65BFC1BA2B1D25C6008CD049 /* WordleBuddyUITests.swift in Sources */ = {isa = PBXBuildFile; fileRef = 65BFC1B92B1D25C6008CD049 /* WordleBuddyUITests.swift */; };
		65BFC1BC2B1D25C6008CD049 /* WordleBuddyUITestsLaunchTests.swift in Sources */ = {isa = PBXBuildFile; fileRef = 65BFC1BB2B1D25C6008CD049 /* WordleBuddyUITestsLaunchTests.swift */; };
		65C194812B48AB8E009D0304 /* SwiftSoup in Frameworks */ = {isa = PBXBuildFile; productRef = 65C194802B48AB8E009D0304 /* SwiftSoup */; };
		65C194832B4E2CC3009D0304 /* Launch Screen.storyboard in Resources */ = {isa = PBXBuildFile; fileRef = 65C194822B4E2CC3009D0304 /* Launch Screen.storyboard */; };
		65C194872B4E3404009D0304 /* Global.swift in Sources */ = {isa = PBXBuildFile; fileRef = 65C194862B4E3404009D0304 /* Global.swift */; };
		65C1948A2B558C93009D0304 /* Views.swift in Sources */ = {isa = PBXBuildFile; fileRef = 65C194892B558C93009D0304 /* Views.swift */; };
		65C1948C2B55909F009D0304 /* GeneratedWordsView.swift in Sources */ = {isa = PBXBuildFile; fileRef = 65C1948B2B55909F009D0304 /* GeneratedWordsView.swift */; };
		65C194922B5591AD009D0304 /* KeyboardView.swift in Sources */ = {isa = PBXBuildFile; fileRef = 65C194912B5591AD009D0304 /* KeyboardView.swift */; };
		65C194962B5763CD009D0304 /* LetterBoxView.swift in Sources */ = {isa = PBXBuildFile; fileRef = 65C194952B5763CD009D0304 /* LetterBoxView.swift */; };
/* End PBXBuildFile section */

/* Begin PBXContainerItemProxy section */
		65BFC1AC2B1D25C6008CD049 /* PBXContainerItemProxy */ = {
			isa = PBXContainerItemProxy;
			containerPortal = 65BFC1922B1D25C4008CD049 /* Project object */;
			proxyType = 1;
			remoteGlobalIDString = 65BFC1992B1D25C4008CD049;
			remoteInfo = WordleBuddy;
		};
		65BFC1B62B1D25C6008CD049 /* PBXContainerItemProxy */ = {
			isa = PBXContainerItemProxy;
			containerPortal = 65BFC1922B1D25C4008CD049 /* Project object */;
			proxyType = 1;
			remoteGlobalIDString = 65BFC1992B1D25C4008CD049;
			remoteInfo = WordleBuddy;
		};
/* End PBXContainerItemProxy section */

/* Begin PBXFileReference section */
		6512C9962B3CA5A200321596 /* words.txt */ = {isa = PBXFileReference; fileEncoding = 4; lastKnownFileType = text; name = words.txt; path = ../../../cli/filterused/words.txt; sourceTree = "<group>"; };
		6512C9982B3CA5DB00321596 /* model.swift */ = {isa = PBXFileReference; lastKnownFileType = sourcecode.swift; path = model.swift; sourceTree = "<group>"; };
		6512C99A2B3D25DC00321596 /* GuessTests.swift */ = {isa = PBXFileReference; lastKnownFileType = sourcecode.swift; path = GuessTests.swift; sourceTree = "<group>"; };
		6512C99C2B3F661900321596 /* WordleBuddyTabView.swift */ = {isa = PBXFileReference; lastKnownFileType = sourcecode.swift; path = WordleBuddyTabView.swift; sourceTree = "<group>"; };
		6512C99E2B3F667F00321596 /* WordleGenView.swift */ = {isa = PBXFileReference; lastKnownFileType = sourcecode.swift; path = WordleGenView.swift; sourceTree = "<group>"; };
		6512C9A02B3F66DF00321596 /* FilterUsedView.swift */ = {isa = PBXFileReference; lastKnownFileType = sourcecode.swift; path = FilterUsedView.swift; sourceTree = "<group>"; };
		656D9C062B5A493500A369B4 /* Model.swift */ = {isa = PBXFileReference; lastKnownFileType = sourcecode.swift; path = Model.swift; sourceTree = "<group>"; };
		656D9C082B5C4C0800A369B4 /* AlertTextView.swift */ = {isa = PBXFileReference; lastKnownFileType = sourcecode.swift; path = AlertTextView.swift; sourceTree = "<group>"; };
		65BFC19A2B1D25C4008CD049 /* WordleBuddy.app */ = {isa = PBXFileReference; explicitFileType = wrapper.application; includeInIndex = 0; path = WordleBuddy.app; sourceTree = BUILT_PRODUCTS_DIR; };
		65BFC19D2B1D25C4008CD049 /* WordleBuddyApp.swift */ = {isa = PBXFileReference; lastKnownFileType = sourcecode.swift; path = WordleBuddyApp.swift; sourceTree = "<group>"; };
		65BFC1A12B1D25C5008CD049 /* Assets.xcassets */ = {isa = PBXFileReference; lastKnownFileType = folder.assetcatalog; path = Assets.xcassets; sourceTree = "<group>"; };
		65BFC1A32B1D25C5008CD049 /* WordleBuddy.entitlements */ = {isa = PBXFileReference; lastKnownFileType = text.plist.entitlements; path = WordleBuddy.entitlements; sourceTree = "<group>"; };
		65BFC1A52B1D25C5008CD049 /* Preview Assets.xcassets */ = {isa = PBXFileReference; lastKnownFileType = folder.assetcatalog; path = "Preview Assets.xcassets"; sourceTree = "<group>"; };
		65BFC1AB2B1D25C6008CD049 /* WordleBuddyTests.xctest */ = {isa = PBXFileReference; explicitFileType = wrapper.cfbundle; includeInIndex = 0; path = WordleBuddyTests.xctest; sourceTree = BUILT_PRODUCTS_DIR; };
		65BFC1AF2B1D25C6008CD049 /* WordleBuddyTests.swift */ = {isa = PBXFileReference; lastKnownFileType = sourcecode.swift; path = WordleBuddyTests.swift; sourceTree = "<group>"; };
		65BFC1B52B1D25C6008CD049 /* WordleBuddyUITests.xctest */ = {isa = PBXFileReference; explicitFileType = wrapper.cfbundle; includeInIndex = 0; path = WordleBuddyUITests.xctest; sourceTree = BUILT_PRODUCTS_DIR; };
		65BFC1B92B1D25C6008CD049 /* WordleBuddyUITests.swift */ = {isa = PBXFileReference; lastKnownFileType = sourcecode.swift; path = WordleBuddyUITests.swift; sourceTree = "<group>"; };
		65BFC1BB2B1D25C6008CD049 /* WordleBuddyUITestsLaunchTests.swift */ = {isa = PBXFileReference; lastKnownFileType = sourcecode.swift; path = WordleBuddyUITestsLaunchTests.swift; sourceTree = "<group>"; };
		65C194822B4E2CC3009D0304 /* Launch Screen.storyboard */ = {isa = PBXFileReference; lastKnownFileType = file.storyboard; path = "Launch Screen.storyboard"; sourceTree = "<group>"; };
		65C194862B4E3404009D0304 /* Global.swift */ = {isa = PBXFileReference; lastKnownFileType = sourcecode.swift; path = Global.swift; sourceTree = "<group>"; };
		65C194892B558C93009D0304 /* Views.swift */ = {isa = PBXFileReference; lastKnownFileType = sourcecode.swift; path = Views.swift; sourceTree = "<group>"; };
		65C1948B2B55909F009D0304 /* GeneratedWordsView.swift */ = {isa = PBXFileReference; lastKnownFileType = sourcecode.swift; path = GeneratedWordsView.swift; sourceTree = "<group>"; };
		65C194912B5591AD009D0304 /* KeyboardView.swift */ = {isa = PBXFileReference; lastKnownFileType = sourcecode.swift; path = KeyboardView.swift; sourceTree = "<group>"; };
		65C194952B5763CD009D0304 /* LetterBoxView.swift */ = {isa = PBXFileReference; lastKnownFileType = sourcecode.swift; path = LetterBoxView.swift; sourceTree = "<group>"; };
/* End PBXFileReference section */

/* Begin PBXFrameworksBuildPhase section */
		65BFC1972B1D25C4008CD049 /* Frameworks */ = {
			isa = PBXFrameworksBuildPhase;
			buildActionMask = 2147483647;
			files = (
				65C194812B48AB8E009D0304 /* SwiftSoup in Frameworks */,
			);
			runOnlyForDeploymentPostprocessing = 0;
		};
		65BFC1A82B1D25C6008CD049 /* Frameworks */ = {
			isa = PBXFrameworksBuildPhase;
			buildActionMask = 2147483647;
			files = (
			);
			runOnlyForDeploymentPostprocessing = 0;
		};
		65BFC1B22B1D25C6008CD049 /* Frameworks */ = {
			isa = PBXFrameworksBuildPhase;
			buildActionMask = 2147483647;
			files = (
			);
			runOnlyForDeploymentPostprocessing = 0;
		};
/* End PBXFrameworksBuildPhase section */

/* Begin PBXGroup section */
		65BFC1912B1D25C4008CD049 = {
			isa = PBXGroup;
			children = (
				65C194822B4E2CC3009D0304 /* Launch Screen.storyboard */,
				65BFC19C2B1D25C4008CD049 /* WordleBuddy */,
				65C194882B558C59009D0304 /* Extensions */,
				65BFC1AE2B1D25C6008CD049 /* WordleBuddyTests */,
				65BFC1B82B1D25C6008CD049 /* WordleBuddyUITests */,
				65BFC19B2B1D25C4008CD049 /* Products */,
			);
			sourceTree = "<group>";
		};
		65BFC19B2B1D25C4008CD049 /* Products */ = {
			isa = PBXGroup;
			children = (
				65BFC19A2B1D25C4008CD049 /* WordleBuddy.app */,
				65BFC1AB2B1D25C6008CD049 /* WordleBuddyTests.xctest */,
				65BFC1B52B1D25C6008CD049 /* WordleBuddyUITests.xctest */,
			);
			name = Products;
			sourceTree = "<group>";
		};
		65BFC19C2B1D25C4008CD049 /* WordleBuddy */ = {
			isa = PBXGroup;
			children = (
				65C194852B4E33F7009D0304 /* Global */,
				65C194842B4E320A009D0304 /* Views */,
				65BFC19D2B1D25C4008CD049 /* WordleBuddyApp.swift */,
				6512C9982B3CA5DB00321596 /* model.swift */,
				6512C9962B3CA5A200321596 /* words.txt */,
				65BFC1A12B1D25C5008CD049 /* Assets.xcassets */,
				65BFC1A32B1D25C5008CD049 /* WordleBuddy.entitlements */,
				65BFC1A42B1D25C5008CD049 /* Preview Content */,
			);
			path = WordleBuddy;
			sourceTree = "<group>";
		};
		65BFC1A42B1D25C5008CD049 /* Preview Content */ = {
			isa = PBXGroup;
			children = (
				65BFC1A52B1D25C5008CD049 /* Preview Assets.xcassets */,
			);
			path = "Preview Content";
			sourceTree = "<group>";
		};
		65BFC1AE2B1D25C6008CD049 /* WordleBuddyTests */ = {
			isa = PBXGroup;
			children = (
				65BFC1AF2B1D25C6008CD049 /* WordleBuddyTests.swift */,
				6512C99A2B3D25DC00321596 /* GuessTests.swift */,
			);
			path = WordleBuddyTests;
			sourceTree = "<group>";
		};
		65BFC1B82B1D25C6008CD049 /* WordleBuddyUITests */ = {
			isa = PBXGroup;
			children = (
				65BFC1B92B1D25C6008CD049 /* WordleBuddyUITests.swift */,
				65BFC1BB2B1D25C6008CD049 /* WordleBuddyUITestsLaunchTests.swift */,
			);
			path = WordleBuddyUITests;
			sourceTree = "<group>";
		};
		65C194842B4E320A009D0304 /* Views */ = {
			isa = PBXGroup;
			children = (
				6512C99C2B3F661900321596 /* WordleBuddyTabView.swift */,
				6512C99E2B3F667F00321596 /* WordleGenView.swift */,
				6512C9A02B3F66DF00321596 /* FilterUsedView.swift */,
				65C1948B2B55909F009D0304 /* GeneratedWordsView.swift */,
				65C194912B5591AD009D0304 /* KeyboardView.swift */,
				65C194952B5763CD009D0304 /* LetterBoxView.swift */,
				656D9C082B5C4C0800A369B4 /* AlertTextView.swift */,
			);
			path = Views;
			sourceTree = "<group>";
		};
		65C194852B4E33F7009D0304 /* Global */ = {
			isa = PBXGroup;
			children = (
				65C194862B4E3404009D0304 /* Global.swift */,
			);
			path = Global;
			sourceTree = "<group>";
		};
		65C194882B558C59009D0304 /* Extensions */ = {
			isa = PBXGroup;
			children = (
				65C194892B558C93009D0304 /* Views.swift */,
				656D9C062B5A493500A369B4 /* Model.swift */,
			);
			path = Extensions;
			sourceTree = "<group>";
		};
/* End PBXGroup section */

/* Begin PBXNativeTarget section */
		65BFC1992B1D25C4008CD049 /* WordleBuddy */ = {
			isa = PBXNativeTarget;
			buildConfigurationList = 65BFC1BF2B1D25C6008CD049 /* Build configuration list for PBXNativeTarget "WordleBuddy" */;
			buildPhases = (
				65BFC1962B1D25C4008CD049 /* Sources */,
				65BFC1972B1D25C4008CD049 /* Frameworks */,
				65BFC1982B1D25C4008CD049 /* Resources */,
			);
			buildRules = (
			);
			dependencies = (
			);
			name = WordleBuddy;
			packageProductDependencies = (
				65C194802B48AB8E009D0304 /* SwiftSoup */,
			);
			productName = WordleBuddy;
			productReference = 65BFC19A2B1D25C4008CD049 /* WordleBuddy.app */;
			productType = "com.apple.product-type.application";
		};
		65BFC1AA2B1D25C6008CD049 /* WordleBuddyTests */ = {
			isa = PBXNativeTarget;
			buildConfigurationList = 65BFC1C22B1D25C6008CD049 /* Build configuration list for PBXNativeTarget "WordleBuddyTests" */;
			buildPhases = (
				65BFC1A72B1D25C6008CD049 /* Sources */,
				65BFC1A82B1D25C6008CD049 /* Frameworks */,
				65BFC1A92B1D25C6008CD049 /* Resources */,
			);
			buildRules = (
			);
			dependencies = (
				65BFC1AD2B1D25C6008CD049 /* PBXTargetDependency */,
			);
			name = WordleBuddyTests;
			productName = WordleBuddyTests;
			productReference = 65BFC1AB2B1D25C6008CD049 /* WordleBuddyTests.xctest */;
			productType = "com.apple.product-type.bundle.unit-test";
		};
		65BFC1B42B1D25C6008CD049 /* WordleBuddyUITests */ = {
			isa = PBXNativeTarget;
			buildConfigurationList = 65BFC1C52B1D25C6008CD049 /* Build configuration list for PBXNativeTarget "WordleBuddyUITests" */;
			buildPhases = (
				65BFC1B12B1D25C6008CD049 /* Sources */,
				65BFC1B22B1D25C6008CD049 /* Frameworks */,
				65BFC1B32B1D25C6008CD049 /* Resources */,
			);
			buildRules = (
			);
			dependencies = (
				65BFC1B72B1D25C6008CD049 /* PBXTargetDependency */,
			);
			name = WordleBuddyUITests;
			productName = WordleBuddyUITests;
			productReference = 65BFC1B52B1D25C6008CD049 /* WordleBuddyUITests.xctest */;
			productType = "com.apple.product-type.bundle.ui-testing";
		};
/* End PBXNativeTarget section */

/* Begin PBXProject section */
		65BFC1922B1D25C4008CD049 /* Project object */ = {
			isa = PBXProject;
			attributes = {
				BuildIndependentTargetsInParallel = 1;
				LastSwiftUpdateCheck = 1500;
				LastUpgradeCheck = 1500;
				TargetAttributes = {
					65BFC1992B1D25C4008CD049 = {
						CreatedOnToolsVersion = 15.0.1;
					};
					65BFC1AA2B1D25C6008CD049 = {
						CreatedOnToolsVersion = 15.0.1;
						TestTargetID = 65BFC1992B1D25C4008CD049;
					};
					65BFC1B42B1D25C6008CD049 = {
						CreatedOnToolsVersion = 15.0.1;
						TestTargetID = 65BFC1992B1D25C4008CD049;
					};
				};
			};
			buildConfigurationList = 65BFC1952B1D25C4008CD049 /* Build configuration list for PBXProject "WordleBuddy" */;
			compatibilityVersion = "Xcode 14.0";
			developmentRegion = en;
			hasScannedForEncodings = 0;
			knownRegions = (
				en,
				Base,
			);
			mainGroup = 65BFC1912B1D25C4008CD049;
			packageReferences = (
				65C1947F2B48AB8E009D0304 /* XCRemoteSwiftPackageReference "SwiftSoup" */,
			);
			productRefGroup = 65BFC19B2B1D25C4008CD049 /* Products */;
			projectDirPath = "";
			projectRoot = "";
			targets = (
				65BFC1992B1D25C4008CD049 /* WordleBuddy */,
				65BFC1AA2B1D25C6008CD049 /* WordleBuddyTests */,
				65BFC1B42B1D25C6008CD049 /* WordleBuddyUITests */,
			);
		};
/* End PBXProject section */

/* Begin PBXResourcesBuildPhase section */
		65BFC1982B1D25C4008CD049 /* Resources */ = {
			isa = PBXResourcesBuildPhase;
			buildActionMask = 2147483647;
			files = (
				65BFC1A62B1D25C5008CD049 /* Preview Assets.xcassets in Resources */,
				6512C9972B3CA5A200321596 /* words.txt in Resources */,
				65C194832B4E2CC3009D0304 /* Launch Screen.storyboard in Resources */,
				65BFC1A22B1D25C5008CD049 /* Assets.xcassets in Resources */,
			);
			runOnlyForDeploymentPostprocessing = 0;
		};
		65BFC1A92B1D25C6008CD049 /* Resources */ = {
			isa = PBXResourcesBuildPhase;
			buildActionMask = 2147483647;
			files = (
			);
			runOnlyForDeploymentPostprocessing = 0;
		};
		65BFC1B32B1D25C6008CD049 /* Resources */ = {
			isa = PBXResourcesBuildPhase;
			buildActionMask = 2147483647;
			files = (
			);
			runOnlyForDeploymentPostprocessing = 0;
		};
/* End PBXResourcesBuildPhase section */

/* Begin PBXSourcesBuildPhase section */
		65BFC1962B1D25C4008CD049 /* Sources */ = {
			isa = PBXSourcesBuildPhase;
			buildActionMask = 2147483647;
			files = (
				6512C99F2B3F667F00321596 /* WordleGenView.swift in Sources */,
				6512C9992B3CA5DB00321596 /* model.swift in Sources */,
				65C194872B4E3404009D0304 /* Global.swift in Sources */,
				65C194922B5591AD009D0304 /* KeyboardView.swift in Sources */,
				65C1948A2B558C93009D0304 /* Views.swift in Sources */,
				65C1948C2B55909F009D0304 /* GeneratedWordsView.swift in Sources */,
				6512C99D2B3F661900321596 /* WordleBuddyTabView.swift in Sources */,
				6512C9A12B3F66DF00321596 /* FilterUsedView.swift in Sources */,
				656D9C072B5A493500A369B4 /* Model.swift in Sources */,
				65C194962B5763CD009D0304 /* LetterBoxView.swift in Sources */,
				656D9C092B5C4C0800A369B4 /* AlertTextView.swift in Sources */,
				65BFC19E2B1D25C4008CD049 /* WordleBuddyApp.swift in Sources */,
			);
			runOnlyForDeploymentPostprocessing = 0;
		};
		65BFC1A72B1D25C6008CD049 /* Sources */ = {
			isa = PBXSourcesBuildPhase;
			buildActionMask = 2147483647;
			files = (
				65BFC1B02B1D25C6008CD049 /* WordleBuddyTests.swift in Sources */,
				6512C99B2B3D25DC00321596 /* GuessTests.swift in Sources */,
			);
			runOnlyForDeploymentPostprocessing = 0;
		};
		65BFC1B12B1D25C6008CD049 /* Sources */ = {
			isa = PBXSourcesBuildPhase;
			buildActionMask = 2147483647;
			files = (
				65BFC1BC2B1D25C6008CD049 /* WordleBuddyUITestsLaunchTests.swift in Sources */,
				65BFC1BA2B1D25C6008CD049 /* WordleBuddyUITests.swift in Sources */,
			);
			runOnlyForDeploymentPostprocessing = 0;
		};
/* End PBXSourcesBuildPhase section */

/* Begin PBXTargetDependency section */
		65BFC1AD2B1D25C6008CD049 /* PBXTargetDependency */ = {
			isa = PBXTargetDependency;
			target = 65BFC1992B1D25C4008CD049 /* WordleBuddy */;
			targetProxy = 65BFC1AC2B1D25C6008CD049 /* PBXContainerItemProxy */;
		};
		65BFC1B72B1D25C6008CD049 /* PBXTargetDependency */ = {
			isa = PBXTargetDependency;
			target = 65BFC1992B1D25C4008CD049 /* WordleBuddy */;
			targetProxy = 65BFC1B62B1D25C6008CD049 /* PBXContainerItemProxy */;
		};
/* End PBXTargetDependency section */

/* Begin XCBuildConfiguration section */
		65BFC1BD2B1D25C6008CD049 /* Debug */ = {
			isa = XCBuildConfiguration;
			buildSettings = {
				ALWAYS_SEARCH_USER_PATHS = NO;
				ASSETCATALOG_COMPILER_GENERATE_SWIFT_ASSET_SYMBOL_EXTENSIONS = YES;
				CLANG_ANALYZER_NONNULL = YES;
				CLANG_ANALYZER_NUMBER_OBJECT_CONVERSION = YES_AGGRESSIVE;
				CLANG_CXX_LANGUAGE_STANDARD = "gnu++20";
				CLANG_ENABLE_MODULES = YES;
				CLANG_ENABLE_OBJC_ARC = YES;
				CLANG_ENABLE_OBJC_WEAK = YES;
				CLANG_WARN_BLOCK_CAPTURE_AUTORELEASING = YES;
				CLANG_WARN_BOOL_CONVERSION = YES;
				CLANG_WARN_COMMA = YES;
				CLANG_WARN_CONSTANT_CONVERSION = YES;
				CLANG_WARN_DEPRECATED_OBJC_IMPLEMENTATIONS = YES;
				CLANG_WARN_DIRECT_OBJC_ISA_USAGE = YES_ERROR;
				CLANG_WARN_DOCUMENTATION_COMMENTS = YES;
				CLANG_WARN_EMPTY_BODY = YES;
				CLANG_WARN_ENUM_CONVERSION = YES;
				CLANG_WARN_INFINITE_RECURSION = YES;
				CLANG_WARN_INT_CONVERSION = YES;
				CLANG_WARN_NON_LITERAL_NULL_CONVERSION = YES;
				CLANG_WARN_OBJC_IMPLICIT_RETAIN_SELF = YES;
				CLANG_WARN_OBJC_LITERAL_CONVERSION = YES;
				CLANG_WARN_OBJC_ROOT_CLASS = YES_ERROR;
				CLANG_WARN_QUOTED_INCLUDE_IN_FRAMEWORK_HEADER = YES;
				CLANG_WARN_RANGE_LOOP_ANALYSIS = YES;
				CLANG_WARN_STRICT_PROTOTYPES = YES;
				CLANG_WARN_SUSPICIOUS_MOVE = YES;
				CLANG_WARN_UNGUARDED_AVAILABILITY = YES_AGGRESSIVE;
				CLANG_WARN_UNREACHABLE_CODE = YES;
				CLANG_WARN__DUPLICATE_METHOD_MATCH = YES;
				COPY_PHASE_STRIP = NO;
				DEBUG_INFORMATION_FORMAT = dwarf;
				ENABLE_STRICT_OBJC_MSGSEND = YES;
				ENABLE_TESTABILITY = YES;
				ENABLE_USER_SCRIPT_SANDBOXING = YES;
				GCC_C_LANGUAGE_STANDARD = gnu17;
				GCC_DYNAMIC_NO_PIC = NO;
				GCC_NO_COMMON_BLOCKS = YES;
				GCC_OPTIMIZATION_LEVEL = 0;
				GCC_PREPROCESSOR_DEFINITIONS = (
					"DEBUG=1",
					"$(inherited)",
				);
				GCC_WARN_64_TO_32_BIT_CONVERSION = YES;
				GCC_WARN_ABOUT_RETURN_TYPE = YES_ERROR;
				GCC_WARN_UNDECLARED_SELECTOR = YES;
				GCC_WARN_UNINITIALIZED_AUTOS = YES_AGGRESSIVE;
				GCC_WARN_UNUSED_FUNCTION = YES;
				GCC_WARN_UNUSED_VARIABLE = YES;
				LOCALIZATION_PREFERS_STRING_CATALOGS = YES;
				MTL_ENABLE_DEBUG_INFO = INCLUDE_SOURCE;
				MTL_FAST_MATH = YES;
				ONLY_ACTIVE_ARCH = YES;
				SWIFT_ACTIVE_COMPILATION_CONDITIONS = "DEBUG $(inherited)";
				SWIFT_OPTIMIZATION_LEVEL = "-Onone";
			};
			name = Debug;
		};
		65BFC1BE2B1D25C6008CD049 /* Release */ = {
			isa = XCBuildConfiguration;
			buildSettings = {
				ALWAYS_SEARCH_USER_PATHS = NO;
				ASSETCATALOG_COMPILER_GENERATE_SWIFT_ASSET_SYMBOL_EXTENSIONS = YES;
				CLANG_ANALYZER_NONNULL = YES;
				CLANG_ANALYZER_NUMBER_OBJECT_CONVERSION = YES_AGGRESSIVE;
				CLANG_CXX_LANGUAGE_STANDARD = "gnu++20";
				CLANG_ENABLE_MODULES = YES;
				CLANG_ENABLE_OBJC_ARC = YES;
				CLANG_ENABLE_OBJC_WEAK = YES;
				CLANG_WARN_BLOCK_CAPTURE_AUTORELEASING = YES;
				CLANG_WARN_BOOL_CONVERSION = YES;
				CLANG_WARN_COMMA = YES;
				CLANG_WARN_CONSTANT_CONVERSION = YES;
				CLANG_WARN_DEPRECATED_OBJC_IMPLEMENTATIONS = YES;
				CLANG_WARN_DIRECT_OBJC_ISA_USAGE = YES_ERROR;
				CLANG_WARN_DOCUMENTATION_COMMENTS = YES;
				CLANG_WARN_EMPTY_BODY = YES;
				CLANG_WARN_ENUM_CONVERSION = YES;
				CLANG_WARN_INFINITE_RECURSION = YES;
				CLANG_WARN_INT_CONVERSION = YES;
				CLANG_WARN_NON_LITERAL_NULL_CONVERSION = YES;
				CLANG_WARN_OBJC_IMPLICIT_RETAIN_SELF = YES;
				CLANG_WARN_OBJC_LITERAL_CONVERSION = YES;
				CLANG_WARN_OBJC_ROOT_CLASS = YES_ERROR;
				CLANG_WARN_QUOTED_INCLUDE_IN_FRAMEWORK_HEADER = YES;
				CLANG_WARN_RANGE_LOOP_ANALYSIS = YES;
				CLANG_WARN_STRICT_PROTOTYPES = YES;
				CLANG_WARN_SUSPICIOUS_MOVE = YES;
				CLANG_WARN_UNGUARDED_AVAILABILITY = YES_AGGRESSIVE;
				CLANG_WARN_UNREACHABLE_CODE = YES;
				CLANG_WARN__DUPLICATE_METHOD_MATCH = YES;
				COPY_PHASE_STRIP = NO;
				DEBUG_INFORMATION_FORMAT = "dwarf-with-dsym";
				ENABLE_NS_ASSERTIONS = NO;
				ENABLE_STRICT_OBJC_MSGSEND = YES;
				ENABLE_USER_SCRIPT_SANDBOXING = YES;
				GCC_C_LANGUAGE_STANDARD = gnu17;
				GCC_NO_COMMON_BLOCKS = YES;
				GCC_WARN_64_TO_32_BIT_CONVERSION = YES;
				GCC_WARN_ABOUT_RETURN_TYPE = YES_ERROR;
				GCC_WARN_UNDECLARED_SELECTOR = YES;
				GCC_WARN_UNINITIALIZED_AUTOS = YES_AGGRESSIVE;
				GCC_WARN_UNUSED_FUNCTION = YES;
				GCC_WARN_UNUSED_VARIABLE = YES;
				LOCALIZATION_PREFERS_STRING_CATALOGS = YES;
				MTL_ENABLE_DEBUG_INFO = NO;
				MTL_FAST_MATH = YES;
				SWIFT_COMPILATION_MODE = wholemodule;
			};
			name = Release;
		};
		65BFC1C02B1D25C6008CD049 /* Debug */ = {
			isa = XCBuildConfiguration;
			buildSettings = {
				ASSETCATALOG_COMPILER_APPICON_NAME = AppIcon;
				ASSETCATALOG_COMPILER_GLOBAL_ACCENT_COLOR_NAME = AccentColor;
				CODE_SIGN_ENTITLEMENTS = WordleBuddy/WordleBuddy.entitlements;
				CODE_SIGN_STYLE = Automatic;
				CURRENT_PROJECT_VERSION = 1;
				DEVELOPMENT_ASSET_PATHS = "\"WordleBuddy/Preview Content\"";
				DEVELOPMENT_TEAM = R5GYQ7CN2Z;
				ENABLE_PREVIEWS = YES;
				GENERATE_INFOPLIST_FILE = YES;
				"INFOPLIST_KEY_UIApplicationSceneManifest_Generation[sdk=iphoneos*]" = YES;
				"INFOPLIST_KEY_UIApplicationSceneManifest_Generation[sdk=iphonesimulator*]" = YES;
				"INFOPLIST_KEY_UIApplicationSupportsIndirectInputEvents[sdk=iphoneos*]" = YES;
				"INFOPLIST_KEY_UIApplicationSupportsIndirectInputEvents[sdk=iphonesimulator*]" = YES;
				"INFOPLIST_KEY_UILaunchScreen_Generation[sdk=iphoneos*]" = YES;
				"INFOPLIST_KEY_UILaunchScreen_Generation[sdk=iphonesimulator*]" = YES;
				INFOPLIST_KEY_UILaunchStoryboardName = "Launch Screen.storyboard";
				INFOPLIST_KEY_UIRequiresFullScreen = YES;
				"INFOPLIST_KEY_UIStatusBarStyle[sdk=iphoneos*]" = UIStatusBarStyleDefault;
				"INFOPLIST_KEY_UIStatusBarStyle[sdk=iphonesimulator*]" = UIStatusBarStyleDefault;
				INFOPLIST_KEY_UISupportedInterfaceOrientations_iPad = UIInterfaceOrientationPortrait;
				IPHONEOS_DEPLOYMENT_TARGET = 17.0;
				LD_RUNPATH_SEARCH_PATHS = "@executable_path/Frameworks";
				"LD_RUNPATH_SEARCH_PATHS[sdk=macosx*]" = "@executable_path/../Frameworks";
				MACOSX_DEPLOYMENT_TARGET = 14.0;
				MARKETING_VERSION = 1.0;
				PRODUCT_BUNDLE_IDENTIFIER = com.Ryan.WordleBuddy;
				PRODUCT_NAME = "$(TARGET_NAME)";
				SDKROOT = auto;
				SUPPORTED_PLATFORMS = "iphoneos iphonesimulator macosx";
				SWIFT_EMIT_LOC_STRINGS = YES;
				SWIFT_VERSION = 5.0;
				TARGETED_DEVICE_FAMILY = "1,2";
			};
			name = Debug;
		};
		65BFC1C12B1D25C6008CD049 /* Release */ = {
			isa = XCBuildConfiguration;
			buildSettings = {
				ASSETCATALOG_COMPILER_APPICON_NAME = AppIcon;
				ASSETCATALOG_COMPILER_GLOBAL_ACCENT_COLOR_NAME = AccentColor;
				CODE_SIGN_ENTITLEMENTS = WordleBuddy/WordleBuddy.entitlements;
				CODE_SIGN_STYLE = Automatic;
				CURRENT_PROJECT_VERSION = 1;
				DEVELOPMENT_ASSET_PATHS = "\"WordleBuddy/Preview Content\"";
				DEVELOPMENT_TEAM = R5GYQ7CN2Z;
				ENABLE_PREVIEWS = YES;
				GENERATE_INFOPLIST_FILE = YES;
				"INFOPLIST_KEY_UIApplicationSceneManifest_Generation[sdk=iphoneos*]" = YES;
				"INFOPLIST_KEY_UIApplicationSceneManifest_Generation[sdk=iphonesimulator*]" = YES;
				"INFOPLIST_KEY_UIApplicationSupportsIndirectInputEvents[sdk=iphoneos*]" = YES;
				"INFOPLIST_KEY_UIApplicationSupportsIndirectInputEvents[sdk=iphonesimulator*]" = YES;
				"INFOPLIST_KEY_UILaunchScreen_Generation[sdk=iphoneos*]" = YES;
				"INFOPLIST_KEY_UILaunchScreen_Generation[sdk=iphonesimulator*]" = YES;
				INFOPLIST_KEY_UILaunchStoryboardName = "Launch Screen.storyboard";
				INFOPLIST_KEY_UIRequiresFullScreen = YES;
				"INFOPLIST_KEY_UIStatusBarStyle[sdk=iphoneos*]" = UIStatusBarStyleDefault;
				"INFOPLIST_KEY_UIStatusBarStyle[sdk=iphonesimulator*]" = UIStatusBarStyleDefault;
				INFOPLIST_KEY_UISupportedInterfaceOrientations_iPad = UIInterfaceOrientationPortrait;
				IPHONEOS_DEPLOYMENT_TARGET = 17.0;
				LD_RUNPATH_SEARCH_PATHS = "@executable_path/Frameworks";
				"LD_RUNPATH_SEARCH_PATHS[sdk=macosx*]" = "@executable_path/../Frameworks";
				MACOSX_DEPLOYMENT_TARGET = 14.0;
				MARKETING_VERSION = 1.0;
				PRODUCT_BUNDLE_IDENTIFIER = com.Ryan.WordleBuddy;
				PRODUCT_NAME = "$(TARGET_NAME)";
				SDKROOT = auto;
				SUPPORTED_PLATFORMS = "iphoneos iphonesimulator macosx";
				SWIFT_EMIT_LOC_STRINGS = YES;
				SWIFT_VERSION = 5.0;
				TARGETED_DEVICE_FAMILY = "1,2";
			};
			name = Release;
		};
		65BFC1C32B1D25C6008CD049 /* Debug */ = {
			isa = XCBuildConfiguration;
			buildSettings = {
				ALWAYS_EMBED_SWIFT_STANDARD_LIBRARIES = YES;
				BUNDLE_LOADER = "$(TEST_HOST)";
				CODE_SIGN_STYLE = Automatic;
				CURRENT_PROJECT_VERSION = 1;
				GENERATE_INFOPLIST_FILE = YES;
				IPHONEOS_DEPLOYMENT_TARGET = 17.0;
				MACOSX_DEPLOYMENT_TARGET = 14.0;
				MARKETING_VERSION = 1.0;
				PRODUCT_BUNDLE_IDENTIFIER = com.Ryan.WordleBuddyTests;
				PRODUCT_NAME = "$(TARGET_NAME)";
				SDKROOT = auto;
				SUPPORTED_PLATFORMS = "iphoneos iphonesimulator macosx";
				SWIFT_EMIT_LOC_STRINGS = NO;
				SWIFT_VERSION = 5.0;
				TARGETED_DEVICE_FAMILY = "1,2";
				TEST_HOST = "$(BUILT_PRODUCTS_DIR)/WordleBuddy.app/$(BUNDLE_EXECUTABLE_FOLDER_PATH)/WordleBuddy";
			};
			name = Debug;
		};
		65BFC1C42B1D25C6008CD049 /* Release */ = {
			isa = XCBuildConfiguration;
			buildSettings = {
				ALWAYS_EMBED_SWIFT_STANDARD_LIBRARIES = YES;
				BUNDLE_LOADER = "$(TEST_HOST)";
				CODE_SIGN_STYLE = Automatic;
				CURRENT_PROJECT_VERSION = 1;
				GENERATE_INFOPLIST_FILE = YES;
				IPHONEOS_DEPLOYMENT_TARGET = 17.0;
				MACOSX_DEPLOYMENT_TARGET = 14.0;
				MARKETING_VERSION = 1.0;
				PRODUCT_BUNDLE_IDENTIFIER = com.Ryan.WordleBuddyTests;
				PRODUCT_NAME = "$(TARGET_NAME)";
				SDKROOT = auto;
				SUPPORTED_PLATFORMS = "iphoneos iphonesimulator macosx";
				SWIFT_EMIT_LOC_STRINGS = NO;
				SWIFT_VERSION = 5.0;
				TARGETED_DEVICE_FAMILY = "1,2";
				TEST_HOST = "$(BUILT_PRODUCTS_DIR)/WordleBuddy.app/$(BUNDLE_EXECUTABLE_FOLDER_PATH)/WordleBuddy";
			};
			name = Release;
		};
		65BFC1C62B1D25C6008CD049 /* Debug */ = {
			isa = XCBuildConfiguration;
			buildSettings = {
				ALWAYS_EMBED_SWIFT_STANDARD_LIBRARIES = YES;
				CODE_SIGN_STYLE = Automatic;
				CURRENT_PROJECT_VERSION = 1;
				GENERATE_INFOPLIST_FILE = YES;
				IPHONEOS_DEPLOYMENT_TARGET = 17.0;
				MACOSX_DEPLOYMENT_TARGET = 14.0;
				MARKETING_VERSION = 1.0;
				PRODUCT_BUNDLE_IDENTIFIER = com.Ryan.WordleBuddyUITests;
				PRODUCT_NAME = "$(TARGET_NAME)";
				SDKROOT = auto;
				SUPPORTED_PLATFORMS = "iphoneos iphonesimulator macosx";
				SWIFT_EMIT_LOC_STRINGS = NO;
				SWIFT_VERSION = 5.0;
				TARGETED_DEVICE_FAMILY = "1,2";
				TEST_TARGET_NAME = WordleBuddy;
			};
			name = Debug;
		};
		65BFC1C72B1D25C6008CD049 /* Release */ = {
			isa = XCBuildConfiguration;
			buildSettings = {
				ALWAYS_EMBED_SWIFT_STANDARD_LIBRARIES = YES;
				CODE_SIGN_STYLE = Automatic;
				CURRENT_PROJECT_VERSION = 1;
				GENERATE_INFOPLIST_FILE = YES;
				IPHONEOS_DEPLOYMENT_TARGET = 17.0;
				MACOSX_DEPLOYMENT_TARGET = 14.0;
				MARKETING_VERSION = 1.0;
				PRODUCT_BUNDLE_IDENTIFIER = com.Ryan.WordleBuddyUITests;
				PRODUCT_NAME = "$(TARGET_NAME)";
				SDKROOT = auto;
				SUPPORTED_PLATFORMS = "iphoneos iphonesimulator macosx";
				SWIFT_EMIT_LOC_STRINGS = NO;
				SWIFT_VERSION = 5.0;
				TARGETED_DEVICE_FAMILY = "1,2";
				TEST_TARGET_NAME = WordleBuddy;
			};
			name = Release;
		};
/* End XCBuildConfiguration section */

/* Begin XCConfigurationList section */
		65BFC1952B1D25C4008CD049 /* Build configuration list for PBXProject "WordleBuddy" */ = {
			isa = XCConfigurationList;
			buildConfigurations = (
				65BFC1BD2B1D25C6008CD049 /* Debug */,
				65BFC1BE2B1D25C6008CD049 /* Release */,
			);
			defaultConfigurationIsVisible = 0;
			defaultConfigurationName = Release;
		};
		65BFC1BF2B1D25C6008CD049 /* Build configuration list for PBXNativeTarget "WordleBuddy" */ = {
			isa = XCConfigurationList;
			buildConfigurations = (
				65BFC1C02B1D25C6008CD049 /* Debug */,
				65BFC1C12B1D25C6008CD049 /* Release */,
			);
			defaultConfigurationIsVisible = 0;
			defaultConfigurationName = Release;
		};
		65BFC1C22B1D25C6008CD049 /* Build configuration list for PBXNativeTarget "WordleBuddyTests" */ = {
			isa = XCConfigurationList;
			buildConfigurations = (
				65BFC1C32B1D25C6008CD049 /* Debug */,
				65BFC1C42B1D25C6008CD049 /* Release */,
			);
			defaultConfigurationIsVisible = 0;
			defaultConfigurationName = Release;
		};
		65BFC1C52B1D25C6008CD049 /* Build configuration list for PBXNativeTarget "WordleBuddyUITests" */ = {
			isa = XCConfigurationList;
			buildConfigurations = (
				65BFC1C62B1D25C6008CD049 /* Debug */,
				65BFC1C72B1D25C6008CD049 /* Release */,
			);
			defaultConfigurationIsVisible = 0;
			defaultConfigurationName = Release;
		};
/* End XCConfigurationList section */

/* Begin XCRemoteSwiftPackageReference section */
		65C1947F2B48AB8E009D0304 /* XCRemoteSwiftPackageReference "SwiftSoup" */ = {
			isa = XCRemoteSwiftPackageReference;
			repositoryURL = "https://github.com/scinfu/SwiftSoup";
			requirement = {
				kind = upToNextMajorVersion;
				minimumVersion = 2.7.0;
			};
		};
/* End XCRemoteSwiftPackageReference section */

/* Begin XCSwiftPackageProductDependency section */
		65C194802B48AB8E009D0304 /* SwiftSoup */ = {
			isa = XCSwiftPackageProductDependency;
			package = 65C1947F2B48AB8E009D0304 /* XCRemoteSwiftPackageReference "SwiftSoup" */;
			productName = SwiftSoup;
		};
/* End XCSwiftPackageProductDependency section */
	};
	rootObject = 65BFC1922B1D25C4008CD049 /* Project object */;
}
